
Microsoft Visual Studio Solution File, Format Version 12.00
# Visual Studio Version 16
VisualStudioVersion = 16.0.29215.179
MinimumVisualStudioVersion = 10.0.40219.1
Project("{FAE04EC0-301F-11D3-BF4B-00C04F79EFBC}") = "Sort_Visualizer.Visualization", "Sort_Vizualizer\Sort_Visualizer.Visualization.csproj", "{DA34E8F6-85A7-49AF-A2C8-029463C2CBA3}"
EndProject
Project("{9A19103F-16F7-4668-BE54-9A1E7A4F7556}") = "Sort_Vizualizer.Core", "Sort_Vizualizer.Core\Sort_Vizualizer.Core.csproj", "{BCC60274-5591-494D-B089-518CB52BCA0A}"
EndProject
Project("{FAE04EC0-301F-11D3-BF4B-00C04F79EFBC}") = "Sort_Visualizer.Core.UnitTests", "Sort_Visualizer.Core.UnitTests\Sort_Visualizer.Core.UnitTests.csproj", "{3C08093B-2E8E-4F5F-BE9A-4B7026486FC9}"
EndProject
Global
	GlobalSection(SolutionConfigurationPlatforms) = preSolution
		Debug|Any CPU = Debug|Any CPU
		Release|Any CPU = Release|Any CPU
	EndGlobalSection
	GlobalSection(ProjectConfigurationPlatforms) = postSolution
		{DA34E8F6-85A7-49AF-A2C8-029463C2CBA3}.Debug|Any CPU.ActiveCfg = Debug|Any CPU
		{DA34E8F6-85A7-49AF-A2C8-029463C2CBA3}.Debug|Any CPU.Build.0 = Debug|Any CPU
		{DA34E8F6-85A7-49AF-A2C8-029463C2CBA3}.Release|Any CPU.ActiveCfg = Release|Any CPU
		{DA34E8F6-85A7-49AF-A2C8-029463C2CBA3}.Release|Any CPU.Build.0 = Release|Any CPU
		{BCC60274-5591-494D-B089-518CB52BCA0A}.Debug|Any CPU.ActiveCfg = Debug|Any CPU
		{BCC60274-5591-494D-B089-518CB52BCA0A}.Debug|Any CPU.Build.0 = Debug|Any CPU
		{BCC60274-5591-494D-B089-518CB52BCA0A}.Release|Any CPU.ActiveCfg = Release|Any CPU
		{BCC60274-5591-494D-B089-518CB52BCA0A}.Release|Any CPU.Build.0 = Release|Any CPU
		{3C08093B-2E8E-4F5F-BE9A-4B7026486FC9}.Debug|Any CPU.ActiveCfg = Debug|Any CPU
		{3C08093B-2E8E-4F5F-BE9A-4B7026486FC9}.Debug|Any CPU.Build.0 = Debug|Any CPU
		{3C08093B-2E8E-4F5F-BE9A-4B7026486FC9}.Release|Any CPU.ActiveCfg = Release|Any CPU
		{3C08093B-2E8E-4F5F-BE9A-4B7026486FC9}.Release|Any CPU.Build.0 = Release|Any CPU
	EndGlobalSection
	GlobalSection(SolutionProperties) = preSolution
		HideSolutionNode = FALSE
	EndGlobalSection
	GlobalSection(ExtensibilityGlobals) = postSolution
		SolutionGuid = {A7F2D857-7D71-40EA-A4FE-9C64FF0065E2}
	EndGlobalSection
EndGlobal
